<?xml version="1.0" encoding="utf-8"?>
<Project ToolsVersion="4.0" xmlns="http://schemas.microsoft.com/developer/msbuild/2003">
  <ItemGroup>
    <Filter Include="Исходные файлы">
      <UniqueIdentifier>{4FC737F1-C7A5-4376-A066-2A32D752A2FF}</UniqueIdentifier>
      <Extensions>cpp;c;cc;cxx;def;odl;idl;hpj;bat;asm;asmx</Extensions>
    </Filter>
    <Filter Include="Файлы заголовков">
      <UniqueIdentifier>{93995380-89BD-4b04-88EB-625FBE52EBFB}</UniqueIdentifier>
      <Extensions>h;hh;hpp;hxx;hm;inl;inc;ipp;xsd</Extensions>
    </Filter>
    <Filter Include="Файлы ресурсов">
      <UniqueIdentifier>{67DA6AB6-F800-4c08-8B7A-83BB121AAD01}</UniqueIdentifier>
      <Extensions>rc;ico;cur;bmp;dlg;rc2;rct;bin;rgs;gif;jpg;jpeg;jpe;resx;tiff;tif;png;wav;mfcribbon-ms</Extensions>
    </Filter>
    <Filter Include="Data">
      <UniqueIdentifier>{1c8b2b83-fe41-4479-a2c8-eb2ddafe2c53}</UniqueIdentifier>
    </Filter>
    <Filter Include="Data\Shaders">
      <UniqueIdentifier>{669cf216-e848-4e5c-9bf6-1b5c483e2299}</UniqueIdentifier>
    </Filter>
    <Filter Include="pch">
      <UniqueIdentifier>{726c6ec4-e5fa-4e02-9628-13f96c518afd}</UniqueIdentifier>
    </Filter>
    <Filter Include="Исходные файлы\Meshes">
      <UniqueIdentifier>{17af7417-b7da-4ccd-a134-ef90d8f0d0d1}</UniqueIdentifier>
    </Filter>
    <Filter Include="Файлы заголовков\Meshes">
      <UniqueIdentifier>{5feba0ce-febe-44e2-8841-7d90a911b80f}</UniqueIdentifier>
    </Filter>
    <Filter Include="Data\Shaders\Spherical">
      <UniqueIdentifier>{d58f2fc3-742e-4dd2-9187-6852ce300c41}</UniqueIdentifier>
    </Filter>
    <Filter Include="Data\Shaders\Elliptical">
      <UniqueIdentifier>{6a0c3b28-243b-4135-a316-e74236d95f35}</UniqueIdentifier>
    </Filter>
    <Filter Include="Файлы заголовков\Meshes\Spherical">
      <UniqueIdentifier>{c2c10979-b0ac-4dc7-b6ef-bbb5eeafe61c}</UniqueIdentifier>
    </Filter>
    <Filter Include="Исходные файлы\Meshes\Spherical">
      <UniqueIdentifier>{ba669908-5fd2-497e-be17-d82fcb051298}</UniqueIdentifier>
    </Filter>
    <Filter Include="Файлы заголовков\Components">
      <UniqueIdentifier>{9411237b-8f62-4103-af5e-9a488746f567}</UniqueIdentifier>
    </Filter>
    <Filter Include="Исходные файлы\Components">
      <UniqueIdentifier>{c0559ed8-8f6a-4b5e-8d93-540055ad918a}</UniqueIdentifier>
    </Filter>
    <Filter Include="Исходные файлы\Entities">
      <UniqueIdentifier>{d1c0fc11-b62f-4460-9fa4-fc3946e10848}</UniqueIdentifier>
    </Filter>
    <Filter Include="Файлы заголовков\Entities">
      <UniqueIdentifier>{65a7c67f-66e4-442d-b33f-bace9899c4d6}</UniqueIdentifier>
    </Filter>
    <Filter Include="Исходные файлы\Systems">
      <UniqueIdentifier>{2669487a-620e-491c-bff3-aa2867d01cd5}</UniqueIdentifier>
    </Filter>
    <Filter Include="Файлы заголовков\Systems">
      <UniqueIdentifier>{8cd1b026-7e41-4ec4-8f8d-8329a1409ffd}</UniqueIdentifier>
    </Filter>
    <Filter Include="Исходные файлы\Meshes\Hyperbolic">
      <UniqueIdentifier>{a13577cd-482c-47a4-8f2f-3bc95bdf9e7f}</UniqueIdentifier>
    </Filter>
    <Filter Include="Исходные файлы\Math">
      <UniqueIdentifier>{af3b39ef-0bb4-46b0-b44f-53e0b9eb37e7}</UniqueIdentifier>
    </Filter>
    <Filter Include="Файлы заголовков\Components\Transform">
      <UniqueIdentifier>{d773e491-0a34-4cca-9d67-250f10e81b0a}</UniqueIdentifier>
    </Filter>
    <Filter Include="Файлы заголовков\Components\Mesh">
      <UniqueIdentifier>{0b3dd525-b848-42d7-825b-45952270d770}</UniqueIdentifier>
    </Filter>
    <Filter Include="Исходные файлы\Effects">
      <UniqueIdentifier>{49cd65a7-a232-4915-8d81-577000e59d51}</UniqueIdentifier>
    </Filter>
    <Filter Include="Файлы заголовков\Components\Spherical &amp; Elliptic">
      <UniqueIdentifier>{c706869a-0562-46ab-aaf0-3ca17071815a}</UniqueIdentifier>
    </Filter>
    <Filter Include="Файлы заголовков\Effects">
      <UniqueIdentifier>{2ec17076-a743-4e67-ab01-25bb486079fa}</UniqueIdentifier>
    </Filter>
    <Filter Include="Файлы заголовков\Effects\Spherical">
      <UniqueIdentifier>{91b31f4c-0bd7-4785-b406-acdc14f4df20}</UniqueIdentifier>
    </Filter>
    <Filter Include="Файлы заголовков\Effects\Elliptic">
      <UniqueIdentifier>{fe0855a2-2a7d-4bce-b86c-925f8464414e}</UniqueIdentifier>
    </Filter>
  </ItemGroup>
  <ItemGroup>
    <ClCompile Include="src\Game.cpp">
      <Filter>Исходные файлы</Filter>
    </ClCompile>
    <ClCompile Include="src\pch.cpp">
      <Filter>pch</Filter>
    </ClCompile>
    <ClCompile Include="src\TextDrawer.cpp">
      <Filter>Исходные файлы</Filter>
    </ClCompile>
    <ClCompile Include="src\Mesh.cpp">
      <Filter>Исходные файлы\Meshes</Filter>
    </ClCompile>
    <ClCompile Include="src\SphericalCube.cpp">
      <Filter>Исходные файлы\Meshes\Spherical</Filter>
    </ClCompile>
    <ClCompile Include="src\SphericalMesh.cpp">
      <Filter>Исходные файлы\Meshes\Spherical</Filter>
    </ClCompile>
    <ClCompile Include="src\SphericalOctahedron.cpp">
      <Filter>Исходные файлы\Meshes\Spherical</Filter>
    </ClCompile>
    <ClCompile Include="src\Drawer2D.cpp">
      <Filter>Исходные файлы</Filter>
    </ClCompile>
    <ClCompile Include="src\Texture.cpp">
      <Filter>Исходные файлы</Filter>
    </ClCompile>
    <ClCompile Include="src\SphericalSphere.cpp">
      <Filter>Исходные файлы\Meshes\Spherical</Filter>
    </ClCompile>
    <ClCompile Include="src\FPSCounter.cpp">
      <Filter>Исходные файлы</Filter>
    </ClCompile>
    <ClCompile Include="src\SphericalEllipsoid.cpp">
      <Filter>Исходные файлы\Meshes\Spherical</Filter>
    </ClCompile>
    <ClCompile Include="src\GameWindows.cpp">
      <Filter>Исходные файлы</Filter>
    </ClCompile>
    <ClCompile Include="Scene.cpp">
      <Filter>Исходные файлы</Filter>
    </ClCompile>
    <ClCompile Include="Component.cpp">
      <Filter>Исходные файлы\Components</Filter>
    </ClCompile>
    <ClCompile Include="TransformComponent.cpp">
      <Filter>Исходные файлы\Components</Filter>
    </ClCompile>
    <ClCompile Include="Entity.cpp">
      <Filter>Исходные файлы\Entities</Filter>
    </ClCompile>
    <ClCompile Include="System.cpp">
      <Filter>Исходные файлы\Systems</Filter>
    </ClCompile>
    <ClCompile Include="TransformUpdateSystem.cpp">
      <Filter>Исходные файлы\Systems</Filter>
    </ClCompile>
    <ClCompile Include="src\ResourceManager.cpp">
      <Filter>Исходные файлы</Filter>
    </ClCompile>
    <ClCompile Include="src\VertexTexMeshComponent.cpp">
      <Filter>Исходные файлы\Components</Filter>
    </ClCompile>
    <ClCompile Include="CameraComponent.cpp">
      <Filter>Исходные файлы\Components</Filter>
    </ClCompile>
    <ClCompile Include="src\MeshLoader.cpp">
      <Filter>Исходные файлы</Filter>
    </ClCompile>
    <ClCompile Include="InputSystem.cpp">
      <Filter>Исходные файлы\Systems</Filter>
    </ClCompile>
    <ClCompile Include="src\Timer.cpp">
      <Filter>Исходные файлы</Filter>
    </ClCompile>
    <ClCompile Include="src\BitmapRenderSystem.cpp">
      <Filter>Исходные файлы\Systems</Filter>
    </ClCompile>
    <ClCompile Include="BitmapComponent.cpp">
      <Filter>Исходные файлы\Components</Filter>
    </ClCompile>
    <ClCompile Include="InputComponent.cpp">
      <Filter>Исходные файлы\Components</Filter>
    </ClCompile>
    <ClCompile Include="src\WalkComponent.cpp">
      <Filter>Исходные файлы\Components</Filter>
    </ClCompile>
    <ClCompile Include="inc\CameraActionSystem.cpp">
      <Filter>Исходные файлы\Systems</Filter>
    </ClCompile>
    <ClCompile Include="src\ComponentTypeManager.cpp">
      <Filter>Исходные файлы\Components</Filter>
    </ClCompile>
    <ClCompile Include="src\SphericalMeshLoader.cpp">
      <Filter>Исходные файлы\Meshes\Spherical</Filter>
    </ClCompile>
    <ClCompile Include="src\SphericalRenderSystem.cpp">
      <Filter>Исходные файлы\Systems</Filter>
    </ClCompile>
    <ClCompile Include="src\SphericalMath.cpp">
      <Filter>Исходные файлы\Math</Filter>
    </ClCompile>
    <ClCompile Include="src\SphericalTransformComponent.cpp">
      <Filter>Исходные файлы\Components</Filter>
    </ClCompile>
    <ClCompile Include="Effect.cpp">
      <Filter>Исходные файлы\Effects</Filter>
    </ClCompile>
    <ClCompile Include="src\SphericalCameraComponent.cpp">
      <Filter>Исходные файлы\Components</Filter>
    </ClCompile>
    <ClCompile Include="inc\AbstractMeshComponent.cpp">
      <Filter>Исходные файлы\Components</Filter>
    </ClCompile>
    <ClCompile Include="src\SphericalExpFogEffect.cpp">
      <Filter>Исходные файлы\Effects</Filter>
    </ClCompile>
  </ItemGroup>
  <ItemGroup>
    <ClInclude Include="inc\Game.h">
      <Filter>Файлы заголовков</Filter>
    </ClInclude>
    <ClInclude Include="inc\pch.h">
      <Filter>pch</Filter>
    </ClInclude>
    <ClInclude Include="inc\TextDrawer.h">
      <Filter>Файлы заголовков</Filter>
    </ClInclude>
    <ClInclude Include="inc\SphericalMeshLoader.h">
      <Filter>Файлы заголовков</Filter>
    </ClInclude>
    <ClInclude Include="inc\Mesh.h">
      <Filter>Файлы заголовков\Meshes</Filter>
    </ClInclude>
    <ClInclude Include="inc\SphericalCube.h">
      <Filter>Файлы заголовков\Meshes\Spherical</Filter>
    </ClInclude>
    <ClInclude Include="inc\SphericalMesh.h">
      <Filter>Файлы заголовков\Meshes\Spherical</Filter>
    </ClInclude>
    <ClInclude Include="inc\SphericalOctahedron.h">
      <Filter>Файлы заголовков\Meshes\Spherical</Filter>
    </ClInclude>
    <ClInclude Include="inc\Drawer2D.h">
      <Filter>Файлы заголовков</Filter>
    </ClInclude>
    <ClInclude Include="inc\Texture.h">
      <Filter>Файлы заголовков</Filter>
    </ClInclude>
    <ClInclude Include="inc\SphericalSphere.h">
      <Filter>Файлы заголовков\Meshes\Spherical</Filter>
    </ClInclude>
    <ClInclude Include="inc\FPSCounter.h">
      <Filter>Файлы заголовков</Filter>
    </ClInclude>
    <ClInclude Include="inc\SphericalEllipsoid.h">
      <Filter>Файлы заголовков\Meshes\Spherical</Filter>
    </ClInclude>
    <ClInclude Include="inc\font.h">
      <Filter>Файлы ресурсов</Filter>
    </ClInclude>
    <ClInclude Include="inc\Scene.h">
      <Filter>Файлы заголовков</Filter>
    </ClInclude>
    <ClInclude Include="inc\Component.h">
      <Filter>Файлы заголовков\Components</Filter>
    </ClInclude>
    <ClInclude Include="inc\RenderSystem.h">
      <Filter>Файлы заголовков\Systems</Filter>
    </ClInclude>
    <ClInclude Include="inc\System.h">
      <Filter>Файлы заголовков\Systems</Filter>
    </ClInclude>
    <ClInclude Include="inc\TransformUpdateSystem.h">
      <Filter>Файлы заголовков\Systems</Filter>
    </ClInclude>
    <ClInclude Include="inc\ResourceManager.h">
      <Filter>Файлы заголовков</Filter>
    </ClInclude>
    <ClInclude Include="inc\Entity.h">
      <Filter>Файлы заголовков\Entities</Filter>
    </ClInclude>
    <ClInclude Include="inc\MeshLoader.h">
      <Filter>Файлы заголовков</Filter>
    </ClInclude>
    <ClInclude Include="inc\InputSystem.h">
      <Filter>Файлы заголовков\Systems</Filter>
    </ClInclude>
    <ClInclude Include="inc\Timer.h">
      <Filter>Файлы заголовков</Filter>
    </ClInclude>
    <ClInclude Include="inc\BitmapComponent.h">
      <Filter>Файлы заголовков\Components</Filter>
    </ClInclude>
    <ClInclude Include="inc\CameraComponent.h">
      <Filter>Файлы заголовков\Components</Filter>
    </ClInclude>
    <ClInclude Include="inc\BitmapRenderSystem.h">
      <Filter>Файлы заголовков\Systems</Filter>
    </ClInclude>
    <ClInclude Include="inc\InputComponent.h">
      <Filter>Файлы заголовков\Components</Filter>
    </ClInclude>
    <ClInclude Include="inc\WalkComponent.h">
      <Filter>Файлы заголовков\Components</Filter>
    </ClInclude>
    <ClInclude Include="inc\ActionSystem.h">
      <Filter>Файлы заголовков\Systems</Filter>
    </ClInclude>
    <ClInclude Include="inc\CameraActionSystem.h">
      <Filter>Файлы заголовков\Systems</Filter>
    </ClInclude>
    <ClInclude Include="inc\ComponentTypeManager.h">
      <Filter>Файлы заголовков\Components</Filter>
    </ClInclude>
    <ClInclude Include="inc\SphericalRenderSystem.h">
      <Filter>Файлы заголовков\Systems</Filter>
    </ClInclude>
    <ClInclude Include="inc\TransformComponent.h">
      <Filter>Файлы заголовков\Components\Transform</Filter>
    </ClInclude>
    <ClInclude Include="inc\VertexTexMeshComponent.h">
      <Filter>Файлы заголовков\Components\Mesh</Filter>
    </ClInclude>
    <ClInclude Include="inc\MeshComponent.h">
      <Filter>Файлы заголовков\Components\Mesh</Filter>
    </ClInclude>
    <ClInclude Include="inc\AbstractMeshComponent.h">
      <Filter>Файлы заголовков\Components\Mesh</Filter>
    </ClInclude>
    <ClInclude Include="inc\SphericalMeshComponent.h">
      <Filter>Файлы заголовков\Components\Spherical &amp; Elliptic</Filter>
    </ClInclude>
    <ClInclude Include="inc\SphericalTransformComponent.h">
      <Filter>Файлы заголовков\Components\Spherical &amp; Elliptic</Filter>
    </ClInclude>
    <ClInclude Include="inc\Effect.h">
      <Filter>Файлы заголовков\Effects</Filter>
    </ClInclude>
    <ClInclude Include="inc\SphericalExpFogEffect.h">
      <Filter>Файлы заголовков\Effects\Spherical</Filter>
    </ClInclude>
    <ClInclude Include="inc\SphericalCameraComponent.h">
      <Filter>Файлы заголовков\Components\Spherical &amp; Elliptic</Filter>
    </ClInclude>
  </ItemGroup>
  <ItemGroup>
    <FxCompile Include="Data\Shaders\BasicVertexShader.hlsl">
      <Filter>Data\Shaders</Filter>
    </FxCompile>
    <FxCompile Include="Data\Shaders\MorphingVertexShader.hlsl">
      <Filter>Data\Shaders</Filter>
    </FxCompile>
    <FxCompile Include="GeometryShader.hlsl">
      <Filter>Data\Shaders</Filter>
    </FxCompile>
    <FxCompile Include="Data\Shaders\VertexEllipticalExpFogShader.hlsl">
      <Filter>Data\Shaders\Elliptical</Filter>
    </FxCompile>
    <FxCompile Include="Data\Shaders\VertexSphericalExpFogShader.hlsl">
      <Filter>Data\Shaders\Spherical</Filter>
    </FxCompile>
    <FxCompile Include="Data\Shaders\VertexSphericalExpSqFogShader.hlsl">
      <Filter>Data\Shaders\Spherical</Filter>
    </FxCompile>
    <FxCompile Include="Data\Shaders\VertexEllipticalExpSqFogShader.hlsl">
      <Filter>Data\Shaders\Elliptical</Filter>
    </FxCompile>
    <FxCompile Include="Data\Shaders\BasicPixelShader.hlsl">
      <Filter>Data\Shaders</Filter>
    </FxCompile>
  </ItemGroup>
  <ItemGroup>
    <None Include="packages.config" />
  </ItemGroup>
</Project>